
Microsoft Visual Studio Solution File, Format Version 12.00
# Visual Studio Version 17
VisualStudioVersion = 17.9.34723.18
MinimumVisualStudioVersion = 10.0.40219.1
Project("{FAE04EC0-301F-11D3-BF4B-00C04F79EFBC}") = "ShareLingo.Core", "ShareLingo.Core\ShareLingo.Core.csproj", "{8ED03FD6-E524-4D1D-B4CA-B4FF289698C5}"
EndProject
Global
	GlobalSection(SolutionConfigurationPlatforms) = preSolution
		Debug|Any CPU = Debug|Any CPU
		Release|Any CPU = Release|Any CPU
	EndGlobalSection
	GlobalSection(ProjectConfigurationPlatforms) = postSolution
		{8ED03FD6-E524-4D1D-B4CA-B4FF289698C5}.Debug|Any CPU.ActiveCfg = Debug|Any CPU
		{8ED03FD6-E524-4D1D-B4CA-B4FF289698C5}.Debug|Any CPU.Build.0 = Debug|Any CPU
		{8ED03FD6-E524-4D1D-B4CA-B4FF289698C5}.Release|Any CPU.ActiveCfg = Release|Any CPU
		{8ED03FD6-E524-4D1D-B4CA-B4FF289698C5}.Release|Any CPU.Build.0 = Release|Any CPU
	EndGlobalSection
	GlobalSection(SolutionProperties) = preSolution
		HideSolutionNode = FALSE
	EndGlobalSection
	GlobalSection(ExtensibilityGlobals) = postSolution
		SolutionGuid = {7D000EE2-F48E-40C8-A76C-3E66DD6B10E4}
	EndGlobalSection
EndGlobal
